
Microsoft Visual Studio Solution File, Format Version 12.00
# Visual Studio Version 17
VisualStudioVersion = 17.0.32014.148
MinimumVisualStudioVersion = 10.0.40219.1
Project("{8BC9CEB8-8B4A-11D0-8D11-00A0C91BC942}") = "HomeWork220112", "HomeWork220112\HomeWork220112.vcxproj", "{AD2E329D-B8C0-4DDA-89DE-1B79674BD6AF}"
EndProject
Project("{8BC9CEB8-8B4A-11D0-8D11-00A0C91BC942}") = "HomeWork220113", "HomeWork220113\HomeWork220113.vcxproj", "{E9EC5530-0209-410A-B1DE-0613BB84A730}"
EndProject
Project("{8BC9CEB8-8B4A-11D0-8D11-00A0C91BC942}") = "HomeWork220114ToUpper", "HomeWork220114ToUpper\HomeWork220114ToUpper.vcxproj", "{54A27F3E-B130-4231-8D7A-29096072A989}"
EndProject
Project("{8BC9CEB8-8B4A-11D0-8D11-00A0C91BC942}") = "HomeWork220114ToInt", "HomeWork220114ToInt\HomeWork220114ToInt.vcxproj", "{B2731A0C-781F-4688-B4E1-30626ECF279D}"
EndProject
Project("{8BC9CEB8-8B4A-11D0-8D11-00A0C91BC942}") = "HomeWork220114CharChange", "HomeWork220114CharChange\HomeWork220114CharChange.vcxproj", "{07E2BE0A-6013-426F-9148-693B28075004}"
EndProject
Project("{8BC9CEB8-8B4A-11D0-8D11-00A0C91BC942}") = "HomeWork220114Rervers", "HomeWork220114Rervers\HomeWork220114Rervers.vcxproj", "{EC5ED21F-F471-46EE-8961-D04393100A06}"
EndProject
Project("{8BC9CEB8-8B4A-11D0-8D11-00A0C91BC942}") = "HomeWork220114Cut", "HomeWork220114Cut\HomeWork220114Cut.vcxproj", "{40AD9DFD-C235-496C-9FF4-2C291950486E}"
EndProject
Project("{8BC9CEB8-8B4A-11D0-8D11-00A0C91BC942}") = "HomeWork220114TextChange", "HomeWork220114TextChange\HomeWork220114TextChange.vcxproj", "{ABC55E68-ECD9-4F1E-83FE-E43D59437E7A}"
EndProject
Project("{8BC9CEB8-8B4A-11D0-8D11-00A0C91BC942}") = "HomeWork220117", "HomeWork220117\HomeWork220117.vcxproj", "{6A0D996C-8ED0-4BA3-9B0C-BBD68660CEA5}"
EndProject
Project("{8BC9CEB8-8B4A-11D0-8D11-00A0C91BC942}") = "HomeWork220126", "HomeWork220126\HomeWork220126.vcxproj", "{7CE1B020-C8C4-4159-A235-BC6ECD2CCC4F}"
EndProject
Global
	GlobalSection(SolutionConfigurationPlatforms) = preSolution
		Debug|x64 = Debug|x64
		Debug|x86 = Debug|x86
		Release|x64 = Release|x64
		Release|x86 = Release|x86
	EndGlobalSection
	GlobalSection(ProjectConfigurationPlatforms) = postSolution
		{AD2E329D-B8C0-4DDA-89DE-1B79674BD6AF}.Debug|x64.ActiveCfg = Debug|x64
		{AD2E329D-B8C0-4DDA-89DE-1B79674BD6AF}.Debug|x64.Build.0 = Debug|x64
		{AD2E329D-B8C0-4DDA-89DE-1B79674BD6AF}.Debug|x86.ActiveCfg = Debug|Win32
		{AD2E329D-B8C0-4DDA-89DE-1B79674BD6AF}.Debug|x86.Build.0 = Debug|Win32
		{AD2E329D-B8C0-4DDA-89DE-1B79674BD6AF}.Release|x64.ActiveCfg = Release|x64
		{AD2E329D-B8C0-4DDA-89DE-1B79674BD6AF}.Release|x64.Build.0 = Release|x64
		{AD2E329D-B8C0-4DDA-89DE-1B79674BD6AF}.Release|x86.ActiveCfg = Release|Win32
		{AD2E329D-B8C0-4DDA-89DE-1B79674BD6AF}.Release|x86.Build.0 = Release|Win32
		{E9EC5530-0209-410A-B1DE-0613BB84A730}.Debug|x64.ActiveCfg = Debug|x64
		{E9EC5530-0209-410A-B1DE-0613BB84A730}.Debug|x64.Build.0 = Debug|x64
		{E9EC5530-0209-410A-B1DE-0613BB84A730}.Debug|x86.ActiveCfg = Debug|Win32
		{E9EC5530-0209-410A-B1DE-0613BB84A730}.Debug|x86.Build.0 = Debug|Win32
		{E9EC5530-0209-410A-B1DE-0613BB84A730}.Release|x64.ActiveCfg = Release|x64
		{E9EC5530-0209-410A-B1DE-0613BB84A730}.Release|x64.Build.0 = Release|x64
		{E9EC5530-0209-410A-B1DE-0613BB84A730}.Release|x86.ActiveCfg = Release|Win32
		{E9EC5530-0209-410A-B1DE-0613BB84A730}.Release|x86.Build.0 = Release|Win32
		{54A27F3E-B130-4231-8D7A-29096072A989}.Debug|x64.ActiveCfg = Debug|x64
		{54A27F3E-B130-4231-8D7A-29096072A989}.Debug|x64.Build.0 = Debug|x64
		{54A27F3E-B130-4231-8D7A-29096072A989}.Debug|x86.ActiveCfg = Debug|Win32
		{54A27F3E-B130-4231-8D7A-29096072A989}.Debug|x86.Build.0 = Debug|Win32
		{54A27F3E-B130-4231-8D7A-29096072A989}.Release|x64.ActiveCfg = Release|x64
		{54A27F3E-B130-4231-8D7A-29096072A989}.Release|x64.Build.0 = Release|x64
		{54A27F3E-B130-4231-8D7A-29096072A989}.Release|x86.ActiveCfg = Release|Win32
		{54A27F3E-B130-4231-8D7A-29096072A989}.Release|x86.Build.0 = Release|Win32
		{B2731A0C-781F-4688-B4E1-30626ECF279D}.Debug|x64.ActiveCfg = Debug|x64
		{B2731A0C-781F-4688-B4E1-30626ECF279D}.Debug|x64.Build.0 = Debug|x64
		{B2731A0C-781F-4688-B4E1-30626ECF279D}.Debug|x86.ActiveCfg = Debug|Win32
		{B2731A0C-781F-4688-B4E1-30626ECF279D}.Debug|x86.Build.0 = Debug|Win32
		{B2731A0C-781F-4688-B4E1-30626ECF279D}.Release|x64.ActiveCfg = Release|x64
		{B2731A0C-781F-4688-B4E1-30626ECF279D}.Release|x64.Build.0 = Release|x64
		{B2731A0C-781F-4688-B4E1-30626ECF279D}.Release|x86.ActiveCfg = Release|Win32
		{B2731A0C-781F-4688-B4E1-30626ECF279D}.Release|x86.Build.0 = Release|Win32
		{07E2BE0A-6013-426F-9148-693B28075004}.Debug|x64.ActiveCfg = Debug|x64
		{07E2BE0A-6013-426F-9148-693B28075004}.Debug|x64.Build.0 = Debug|x64
		{07E2BE0A-6013-426F-9148-693B28075004}.Debug|x86.ActiveCfg = Debug|Win32
		{07E2BE0A-6013-426F-9148-693B28075004}.Debug|x86.Build.0 = Debug|Win32
		{07E2BE0A-6013-426F-9148-693B28075004}.Release|x64.ActiveCfg = Release|x64
		{07E2BE0A-6013-426F-9148-693B28075004}.Release|x64.Build.0 = Release|x64
		{07E2BE0A-6013-426F-9148-693B28075004}.Release|x86.ActiveCfg = Release|Win32
		{07E2BE0A-6013-426F-9148-693B28075004}.Release|x86.Build.0 = Release|Win32
		{EC5ED21F-F471-46EE-8961-D04393100A06}.Debug|x64.ActiveCfg = Debug|x64
		{EC5ED21F-F471-46EE-8961-D04393100A06}.Debug|x64.Build.0 = Debug|x64
		{EC5ED21F-F471-46EE-8961-D04393100A06}.Debug|x86.ActiveCfg = Debug|Win32
		{EC5ED21F-F471-46EE-8961-D04393100A06}.Debug|x86.Build.0 = Debug|Win32
		{EC5ED21F-F471-46EE-8961-D04393100A06}.Release|x64.ActiveCfg = Release|x64
		{EC5ED21F-F471-46EE-8961-D04393100A06}.Release|x64.Build.0 = Release|x64
		{EC5ED21F-F471-46EE-8961-D04393100A06}.Release|x86.ActiveCfg = Release|Win32
		{EC5ED21F-F471-46EE-8961-D04393100A06}.Release|x86.Build.0 = Release|Win32
		{40AD9DFD-C235-496C-9FF4-2C291950486E}.Debug|x64.ActiveCfg = Debug|x64
		{40AD9DFD-C235-496C-9FF4-2C291950486E}.Debug|x64.Build.0 = Debug|x64
		{40AD9DFD-C235-496C-9FF4-2C291950486E}.Debug|x86.ActiveCfg = Debug|Win32
		{40AD9DFD-C235-496C-9FF4-2C291950486E}.Debug|x86.Build.0 = Debug|Win32
		{40AD9DFD-C235-496C-9FF4-2C291950486E}.Release|x64.ActiveCfg = Release|x64
		{40AD9DFD-C235-496C-9FF4-2C291950486E}.Release|x64.Build.0 = Release|x64
		{40AD9DFD-C235-496C-9FF4-2C291950486E}.Release|x86.ActiveCfg = Release|Win32
		{40AD9DFD-C235-496C-9FF4-2C291950486E}.Release|x86.Build.0 = Release|Win32
		{ABC55E68-ECD9-4F1E-83FE-E43D59437E7A}.Debug|x64.ActiveCfg = Debug|x64
		{ABC55E68-ECD9-4F1E-83FE-E43D59437E7A}.Debug|x64.Build.0 = Debug|x64
		{ABC55E68-ECD9-4F1E-83FE-E43D59437E7A}.Debug|x86.ActiveCfg = Debug|Win32
		{ABC55E68-ECD9-4F1E-83FE-E43D59437E7A}.Debug|x86.Build.0 = Debug|Win32
		{ABC55E68-ECD9-4F1E-83FE-E43D59437E7A}.Release|x64.ActiveCfg = Release|x64
		{ABC55E68-ECD9-4F1E-83FE-E43D59437E7A}.Release|x64.Build.0 = Release|x64
		{ABC55E68-ECD9-4F1E-83FE-E43D59437E7A}.Release|x86.ActiveCfg = Release|Win32
		{ABC55E68-ECD9-4F1E-83FE-E43D59437E7A}.Release|x86.Build.0 = Release|Win32
		{6A0D996C-8ED0-4BA3-9B0C-BBD68660CEA5}.Debug|x64.ActiveCfg = Debug|x64
		{6A0D996C-8ED0-4BA3-9B0C-BBD68660CEA5}.Debug|x64.Build.0 = Debug|x64
		{6A0D996C-8ED0-4BA3-9B0C-BBD68660CEA5}.Debug|x86.ActiveCfg = Debug|Win32
		{6A0D996C-8ED0-4BA3-9B0C-BBD68660CEA5}.Debug|x86.Build.0 = Debug|Win32
		{6A0D996C-8ED0-4BA3-9B0C-BBD68660CEA5}.Release|x64.ActiveCfg = Release|x64
		{6A0D996C-8ED0-4BA3-9B0C-BBD68660CEA5}.Release|x64.Build.0 = Release|x64
		{6A0D996C-8ED0-4BA3-9B0C-BBD68660CEA5}.Release|x86.ActiveCfg = Release|Win32
		{6A0D996C-8ED0-4BA3-9B0C-BBD68660CEA5}.Release|x86.Build.0 = Release|Win32
		{7CE1B020-C8C4-4159-A235-BC6ECD2CCC4F}.Debug|x64.ActiveCfg = Debug|x64
		{7CE1B020-C8C4-4159-A235-BC6ECD2CCC4F}.Debug|x64.Build.0 = Debug|x64
		{7CE1B020-C8C4-4159-A235-BC6ECD2CCC4F}.Debug|x86.ActiveCfg = Debug|Win32
		{7CE1B020-C8C4-4159-A235-BC6ECD2CCC4F}.Debug|x86.Build.0 = Debug|Win32
		{7CE1B020-C8C4-4159-A235-BC6ECD2CCC4F}.Release|x64.ActiveCfg = Release|x64
		{7CE1B020-C8C4-4159-A235-BC6ECD2CCC4F}.Release|x64.Build.0 = Release|x64
		{7CE1B020-C8C4-4159-A235-BC6ECD2CCC4F}.Release|x86.ActiveCfg = Release|Win32
		{7CE1B020-C8C4-4159-A235-BC6ECD2CCC4F}.Release|x86.Build.0 = Release|Win32
	EndGlobalSection
	GlobalSection(SolutionProperties) = preSolution
		HideSolutionNode = FALSE
	EndGlobalSection
	GlobalSection(ExtensibilityGlobals) = postSolution
		SolutionGuid = {05C36271-7EE2-4754-AFE9-B70F12066759}
	EndGlobalSection
EndGlobal
