<?xml version="1.0" encoding="utf-8"?>
<Project ToolsVersion="4.0" xmlns="http://schemas.microsoft.com/developer/msbuild/2003">
  <ItemGroup>
    <Filter Include="메모리 그리기">
      <UniqueIdentifier>{127cc737-62dd-4365-83d7-9d6869581e6c}</UniqueIdentifier>
    </Filter>
  </ItemGroup>
  <ItemGroup>
    <Image Include="C:\Users\munjy\OneDrive\Desktop\Memory03.png">
      <Filter>메모리 그리기</Filter>
    </Image>
    <Image Include="C:\Users\munjy\OneDrive\Desktop\Memory01.png">
      <Filter>메모리 그리기</Filter>
    </Image>
    <Image Include="C:\Users\munjy\OneDrive\Desktop\Memory02.png">
      <Filter>메모리 그리기</Filter>
    </Image>
  </ItemGroup>
  <ItemGroup>
    <None Include="C:\Users\munjy\OneDrive\Desktop\블로그 제작 ppt\HomeWork220207 메모리그리기.pptx">
      <Filter>메모리 그리기</Filter>
    </None>
  </ItemGroup>
</Project>