<?xml version="1.0" encoding="utf-8"?>
<Project ToolsVersion="4.0" xmlns="http://schemas.microsoft.com/developer/msbuild/2003">
  <ItemGroup>
    <ClCompile Include="..\HomeWork220221\Snake.cpp" />
    <ClCompile Include="..\HomeWork220221\Body.cpp">
      <Filter>Contents</Filter>
    </ClCompile>
    <ClCompile Include="..\HomeWork220221\GameBlock.cpp">
      <Filter>Contents</Filter>
    </ClCompile>
    <ClCompile Include="..\HomeWork220221\GlobalGameLogic.cpp">
      <Filter>Contents</Filter>
    </ClCompile>
    <ClCompile Include="..\HomeWork220221\Head.cpp">
      <Filter>Contents</Filter>
    </ClCompile>
    <ClCompile Include="..\HomeWork220221\Engine\ConsoleRandom.cpp">
      <Filter>Engine</Filter>
    </ClCompile>
    <ClCompile Include="..\HomeWork220221\Engine\ConsoleScreen.cpp">
      <Filter>Engine</Filter>
    </ClCompile>
    <ClCompile Include="..\HomeWork220221\Engine\ConsoleObject.cpp">
      <Filter>Engine</Filter>
    </ClCompile>
    <ClCompile Include="..\HomeWork220221\Engine\ConsoleMath.cpp">
      <Filter>Engine</Filter>
    </ClCompile>
  </ItemGroup>
  <ItemGroup>
    <Filter Include="Contents">
      <UniqueIdentifier>{4d175bbf-d081-422a-bbfa-a261c16b647a}</UniqueIdentifier>
    </Filter>
    <Filter Include="Engine">
      <UniqueIdentifier>{a6e385e3-4e65-4c3d-b562-b432b14b28a8}</UniqueIdentifier>
    </Filter>
  </ItemGroup>
  <ItemGroup>
    <ClInclude Include="..\HomeWork220221\Body.h">
      <Filter>Contents</Filter>
    </ClInclude>
    <ClInclude Include="..\HomeWork220221\GameBlock.h">
      <Filter>Contents</Filter>
    </ClInclude>
    <ClInclude Include="..\HomeWork220221\GlobalGameLogic.h">
      <Filter>Contents</Filter>
    </ClInclude>
    <ClInclude Include="..\HomeWork220221\Head.h">
      <Filter>Contents</Filter>
    </ClInclude>
    <ClInclude Include="..\HomeWork220221\Engine\ConsoleRandom.h">
      <Filter>Engine</Filter>
    </ClInclude>
    <ClInclude Include="..\HomeWork220221\Engine\ConsoleScreen.h">
      <Filter>Engine</Filter>
    </ClInclude>
    <ClInclude Include="..\HomeWork220221\Engine\ConsoleObject.h">
      <Filter>Engine</Filter>
    </ClInclude>
    <ClInclude Include="..\HomeWork220221\Engine\ConsoleMath.h">
      <Filter>Engine</Filter>
    </ClInclude>
  </ItemGroup>
</Project>