<?xml version="1.0" encoding="utf-8"?>
<Project ToolsVersion="4.0" xmlns="http://schemas.microsoft.com/developer/msbuild/2003">
  <ItemGroup>
    <Filter Include="Contents">
      <UniqueIdentifier>{afc7d40d-326e-4bc0-86b4-662adf0eae4a}</UniqueIdentifier>
    </Filter>
    <Filter Include="Engine">
      <UniqueIdentifier>{08067c1b-5069-4181-84ba-8c2068bdbe94}</UniqueIdentifier>
    </Filter>
  </ItemGroup>
  <ItemGroup>
    <ClCompile Include="Monster.cpp">
      <Filter>Contents</Filter>
    </ClCompile>
    <ClCompile Include="Player.cpp">
      <Filter>Contents</Filter>
    </ClCompile>
    <ClCompile Include="ConsoleMath.cpp">
      <Filter>Engine</Filter>
    </ClCompile>
    <ClCompile Include="TextScreen.cpp">
      <Filter>Engine</Filter>
    </ClCompile>
    <ClCompile Include="ConsoleScreen.cpp" />
  </ItemGroup>
  <ItemGroup>
    <ClInclude Include="Monster.h">
      <Filter>Contents</Filter>
    </ClInclude>
    <ClInclude Include="Player.h">
      <Filter>Contents</Filter>
    </ClInclude>
    <ClInclude Include="ConsoleMath.h">
      <Filter>Engine</Filter>
    </ClInclude>
    <ClInclude Include="TextScreen.h">
      <Filter>Engine</Filter>
    </ClInclude>
  </ItemGroup>
</Project>